github.com/davecgh/go-spew v1.1.1 h1:vj9j/u1bqnvCEfJOwUhtlOARqs3+rkHYY13jYWTU97c=
github.com/davecgh/go-spew v1.1.1/go.mod h1:J7Y8YcW2NihsgmVo/mv3lAwl/skON4iLHjSsI+c5H38=
github.com/fsnotify/fsnotify v1.9.0 h1:2Ml+OJNzbYCTzsxtv8vKSFD9PbJjmhYF14k/jKC7S9k=
github.com/fsnotify/fsnotify v1.9.0/go.mod h1:8jBTzvmWwFyi3Pb8djgCCO5IBqzKJ/Jwo8TRcHyHii0=
github.com/gorilla/mux v1.8.1 h1:TuBL49tXwgrFYWhqrNgrUNEY92u81SPhu7sTdzQEiWY=
github.com/gorilla/mux v1.8.1/go.mod h1:AKf9I4AEqPTmMytcMc0KkNouC66V3BtZ4qD5fmWSiMQ=
github.com/kardianos/service v1.2.4 h1:XNlGtZOYNx2u91urOdg/Kfmc+gfmuIo1Dd3rEi2OgBk=
github.com/kardianos/service v1.2.4/go.mod h1:E4V9ufUuY82F7Ztlu1eN9VXWIQxg8NoLQlmFe0MtrXc=
github.com/pmezard/go-difflib v1.0.0 h1:4DBwDE0NGyQoBHbLQYPwSUPoCMWR5BEzIk/f1lZbAQM=
github.com/pmezard/go-difflib v1.0.0/go.mod h1:iKH77koFhYxTK1pcRnkKkqfTogsbg7gZNVY4sRDYZ/4=
github.com/stretchr/testify v1.8.0 h1:pSgiaMZlXftHpm5L7V1+rVB+AZJydKsMxsQBIJw4PKk=
github.com/stretchr/testify v1.8.0/go.mod h1:yNjHg4UonilssWZ8iaSj1OCr/vHnekPRkoO+kdMU+MU=
github.com/xxl6097/glog v0.1.57 h1:JeBqH4qi4rR+H7yG2bgScTLqXP7uZW55x/8yqukTe9E=
github.com/xxl6097/glog v0.1.57/go.mod h1:v5J5FG6rnsHhv74uO9GRdqKsdvthvnQqjBooYP0V5Dg=
github.com/xxl6097/go-http v0.0.39 h1:Bx0m3mOSdf8Vs57n/BrHAHTSjRdbNmrIBkqB4NmJVKA=
github.com/xxl6097/go-http v0.0.39/go.mod h1:TulD3wTHC9hXgOM6mYZOJnmFSIpSOxptNIoDj+8f47c=
github.com/xxl6097/go-service v0.6.88 h1:xnbtk9f7VBytgj7XJS6/JKXBfeo/HxF+vVDj6PelRHw=
github.com/xxl6097/go-service v0.6.88/go.mod h1:vNJBL7eGWYzAkhyTGwoicoirvSwvhU790NANTh7DmnA=
github.com/xxl6097/go-sse v0.0.23 h1:IE79l1QvI/GqFbBcGEfUB51a3sQMosBkFgY6/qxrJW4=
github.com/xxl6097/go-sse v0.0.23/go.mod h1:5UuNGLbWcmyQmRZpNQVGq3/VDMCRcAz6YBdJKl2RSEM=
github.com/xxl6097/go-update v0.0.6 h1:z7ipTgVjlXVVNRgMjrrgZfXfDZdb2LUJjsvMh4qwEu8=
github.com/xxl6097/go-update v0.0.6/go.mod h1:9UQ2j2O/xLQA7laXvxfnOruPUkq9zaLRG/AbwV3TFAM=
go.uber.org/goleak v1.3.0 h1:2K3zAYmnTNqV73imy9J1T3WC+gmCePx2hEGkimedGto=
go.uber.org/goleak v1.3.0/go.mod h1:CoHD4mav9JJNrW/WLlf7HGZPjdw8EucARQHekz1X6bE=
golang.org/x/net v0.42.0 h1:jzkYrhi3YQWD6MLBJcsklgQsoAcw89EcZbJw8Z614hs=
golang.org/x/net v0.42.0/go.mod h1:FF1RA5d3u7nAYA4z2TkclSCKh68eSXtiFwcWQpPXdt8=
golang.org/x/sys v0.34.0 h1:H5Y5sJ2L2JRdyv7ROF1he/lPdvFsd0mJHFw2ThKHxLA=
golang.org/x/sys v0.34.0/go.mod h1:BJP2sWEmIv4KK5OTEluFJCKSidICx8ciO85XgH3Ak8k=
gopkg.in/yaml.v3 v3.0.1 h1:fxVm/GzAzEWqLHuvctI91KS9hhNmmWOoWu0XTYJS7CA=
gopkg.in/yaml.v3 v3.0.1/go.mod h1:K4uyk7z7BCEPqu6E+C64Yfv1cQ7kz7rIZviUmN+EgEM=
