github.com/fsnotify/fsnotify v1.9.0 h1:2Ml+OJNzbYCTzsxtv8vKSFD9PbJjmhYF14k/jKC7S9k=
github.com/fsnotify/fsnotify v1.9.0/go.mod h1:8jBTzvmWwFyi3Pb8djgCCO5IBqzKJ/Jwo8TRcHyHii0=
github.com/gorilla/mux v1.8.1 h1:TuBL49tXwgrFYWhqrNgrUNEY92u81SPhu7sTdzQEiWY=
github.com/gorilla/mux v1.8.1/go.mod h1:AKf9I4AEqPTmMytcMc0KkNouC66V3BtZ4qD5fmWSiMQ=
github.com/kardianos/service v1.2.2 h1:ZvePhAHfvo0A7Mftk/tEzqEZ7Q4lgnR8sGz4xu1YX60=
github.com/kardianos/service v1.2.2/go.mod h1:CIMRFEJVL+0DS1a3Nx06NaMn4Dz63Ng6O7dl0qH0zVM=
github.com/xxl6097/glog v0.1.47 h1:bMqYoebP+FQyRy/xtFb8/pwG9kwt4BoYWOrsaBBExcY=
github.com/xxl6097/glog v0.1.47/go.mod h1:v5J5FG6rnsHhv74uO9GRdqKsdvthvnQqjBooYP0V5Dg=
github.com/xxl6097/go-http v0.0.33 h1:iDzekpvqEN2J4vQtA8O2MhCUCmFFgdLrj61rrwaZJNE=
github.com/xxl6097/go-http v0.0.33/go.mod h1:a5XNz2BVgSZWTJ4tGh1+KWMntk7lCslqYphL2ZsDCW0=
github.com/xxl6097/go-service v0.6.39 h1:bC+Jyb8dxZNnplC065Bw0iZLHs3fxcs/DuekUAZo6d0=
github.com/xxl6097/go-service v0.6.39/go.mod h1:HtN0KX4HCssD25NRyYEuinYDLUJo5nfx+yY7hDTvCCE=
github.com/xxl6097/go-update v0.0.6 h1:z7ipTgVjlXVVNRgMjrrgZfXfDZdb2LUJjsvMh4qwEu8=
github.com/xxl6097/go-update v0.0.6/go.mod h1:9UQ2j2O/xLQA7laXvxfnOruPUkq9zaLRG/AbwV3TFAM=
golang.org/x/sys v0.0.0-20201015000850-e3ed0017c211/go.mod h1:h1NjWce9XRLGQEsW7wpKNCjG9DtNlClVuFLEZdDNbEs=
golang.org/x/sys v0.33.0 h1:q3i8TbbEz+JRD9ywIRlyRAQbM0qF7hu24q3teo2hbuw=
golang.org/x/sys v0.33.0/go.mod h1:BJP2sWEmIv4KK5OTEluFJCKSidICx8ciO85XgH3Ak8k=
